// !$*UTF8*$!
{
	archiveVersion = 1;
	classes = {
	};
	objectVersion = 50;
	objects = {

/* Begin PBXBuildFile section */
		ACF7320C23883424000B0054 /* AppDelegate.swift in Sources */ = {isa = PBXBuildFile; fileRef = ACF7320B23883424000B0054 /* AppDelegate.swift */; };
		ACF7320E23883424000B0054 /* SceneDelegate.swift in Sources */ = {isa = PBXBuildFile; fileRef = ACF7320D23883424000B0054 /* SceneDelegate.swift */; };
		ACF7321323883424000B0054 /* Main.storyboard in Resources */ = {isa = PBXBuildFile; fileRef = ACF7321123883424000B0054 /* Main.storyboard */; };
		ACF7321623883424000B0054 /* SaveUserData.xcdatamodeld in Sources */ = {isa = PBXBuildFile; fileRef = ACF7321423883424000B0054 /* SaveUserData.xcdatamodeld */; };
		ACF7321823883426000B0054 /* Assets.xcassets in Resources */ = {isa = PBXBuildFile; fileRef = ACF7321723883426000B0054 /* Assets.xcassets */; };
		ACF7321B23883426000B0054 /* LaunchScreen.storyboard in Resources */ = {isa = PBXBuildFile; fileRef = ACF7321923883426000B0054 /* LaunchScreen.storyboard */; };
		ACF7322623883589000B0054 /* TasksTableViewController.swift in Sources */ = {isa = PBXBuildFile; fileRef = ACF7322523883589000B0054 /* TasksTableViewController.swift */; };
/* End PBXBuildFile section */

/* Begin PBXFileReference section */
		ACF7320823883424000B0054 /* SaveUserData.app */ = {isa = PBXFileReference; explicitFileType = wrapper.application; includeInIndex = 0; path = SaveUserData.app; sourceTree = BUILT_PRODUCTS_DIR; };
		ACF7320B23883424000B0054 /* AppDelegate.swift */ = {isa = PBXFileReference; lastKnownFileType = sourcecode.swift; path = AppDelegate.swift; sourceTree = "<group>"; };
		ACF7320D23883424000B0054 /* SceneDelegate.swift */ = {isa = PBXFileReference; lastKnownFileType = sourcecode.swift; path = SceneDelegate.swift; sourceTree = "<group>"; };
		ACF7321223883424000B0054 /* Base */ = {isa = PBXFileReference; lastKnownFileType = file.storyboard; name = Base; path = Base.lproj/Main.storyboard; sourceTree = "<group>"; };
		ACF7321523883424000B0054 /* SaveUserData.xcdatamodel */ = {isa = PBXFileReference; lastKnownFileType = wrapper.xcdatamodel; path = SaveUserData.xcdatamodel; sourceTree = "<group>"; };
		ACF7321723883426000B0054 /* Assets.xcassets */ = {isa = PBXFileReference; lastKnownFileType = folder.assetcatalog; path = Assets.xcassets; sourceTree = "<group>"; };
		ACF7321A23883426000B0054 /* Base */ = {isa = PBXFileReference; lastKnownFileType = file.storyboard; name = Base; path = Base.lproj/LaunchScreen.storyboard; sourceTree = "<group>"; };
		ACF7321C23883426000B0054 /* Info.plist */ = {isa = PBXFileReference; lastKnownFileType = text.plist.xml; path = Info.plist; sourceTree = "<group>"; };
		ACF7322523883589000B0054 /* TasksTableViewController.swift */ = {isa = PBXFileReference; lastKnownFileType = sourcecode.swift; path = TasksTableViewController.swift; sourceTree = "<group>"; };
/* End PBXFileReference section */

/* Begin PBXFrameworksBuildPhase section */
		ACF7320523883424000B0054 /* Frameworks */ = {
			isa = PBXFrameworksBuildPhase;
			buildActionMask = 2147483647;
			files = (
			);
			runOnlyForDeploymentPostprocessing = 0;
		};
/* End PBXFrameworksBuildPhase section */

/* Begin PBXGroup section */
		ACF731FF23883424000B0054 = {
			isa = PBXGroup;
			children = (
				ACF7320A23883424000B0054 /* SaveUserData */,
				ACF7320923883424000B0054 /* Products */,
			);
			sourceTree = "<group>";
		};
		ACF7320923883424000B0054 /* Products */ = {
			isa = PBXGroup;
			children = (
				ACF7320823883424000B0054 /* SaveUserData.app */,
			);
			name = Products;
			sourceTree = "<group>";
		};
		ACF7320A23883424000B0054 /* SaveUserData */ = {
			isa = PBXGroup;
			children = (
				ACF7322423883575000B0054 /* Controllers */,
				ACF7322323883456000B0054 /* Delegates */,
				ACF732222388344F000B0054 /* Views */,
				ACF7321723883426000B0054 /* Assets.xcassets */,
				ACF7321C23883426000B0054 /* Info.plist */,
				ACF7321423883424000B0054 /* SaveUserData.xcdatamodeld */,
			);
			path = SaveUserData;
			sourceTree = "<group>";
		};
		ACF732222388344F000B0054 /* Views */ = {
			isa = PBXGroup;
			children = (
				ACF7321123883424000B0054 /* Main.storyboard */,
				ACF7321923883426000B0054 /* LaunchScreen.storyboard */,
			);
			path = Views;
			sourceTree = "<group>";
		};
		ACF7322323883456000B0054 /* Delegates */ = {
			isa = PBXGroup;
			children = (
				ACF7320B23883424000B0054 /* AppDelegate.swift */,
				ACF7320D23883424000B0054 /* SceneDelegate.swift */,
			);
			path = Delegates;
			sourceTree = "<group>";
		};
		ACF7322423883575000B0054 /* Controllers */ = {
			isa = PBXGroup;
			children = (
				ACF7322523883589000B0054 /* TasksTableViewController.swift */,
			);
			path = Controllers;
			sourceTree = "<group>";
		};
/* End PBXGroup section */

/* Begin PBXNativeTarget section */
		ACF7320723883424000B0054 /* SaveUserData */ = {
			isa = PBXNativeTarget;
			buildConfigurationList = ACF7321F23883426000B0054 /* Build configuration list for PBXNativeTarget "SaveUserData" */;
			buildPhases = (
				ACF7320423883424000B0054 /* Sources */,
				ACF7320523883424000B0054 /* Frameworks */,
				ACF7320623883424000B0054 /* Resources */,
			);
			buildRules = (
			);
			dependencies = (
			);
			name = SaveUserData;
			productName = SaveUserData;
			productReference = ACF7320823883424000B0054 /* SaveUserData.app */;
			productType = "com.apple.product-type.application";
		};
/* End PBXNativeTarget section */

/* Begin PBXProject section */
		ACF7320023883424000B0054 /* Project object */ = {
			isa = PBXProject;
			attributes = {
				LastSwiftUpdateCheck = 1110;
				LastUpgradeCheck = 1110;
				ORGANIZATIONNAME = "Artjoms Vorona";
				TargetAttributes = {
					ACF7320723883424000B0054 = {
						CreatedOnToolsVersion = 11.1;
					};
				};
			};
			buildConfigurationList = ACF7320323883424000B0054 /* Build configuration list for PBXProject "SaveUserData" */;
			compatibilityVersion = "Xcode 9.3";
			developmentRegion = en;
			hasScannedForEncodings = 0;
			knownRegions = (
				en,
				Base,
			);
			mainGroup = ACF731FF23883424000B0054;
			productRefGroup = ACF7320923883424000B0054 /* Products */;
			projectDirPath = "";
			projectRoot = "";
			targets = (
				ACF7320723883424000B0054 /* SaveUserData */,
			);
		};
/* End PBXProject section */

/* Begin PBXResourcesBuildPhase section */
		ACF7320623883424000B0054 /* Resources */ = {
			isa = PBXResourcesBuildPhase;
			buildActionMask = 2147483647;
			files = (
				ACF7321B23883426000B0054 /* LaunchScreen.storyboard in Resources */,
				ACF7321823883426000B0054 /* Assets.xcassets in Resources */,
				ACF7321323883424000B0054 /* Main.storyboard in Resources */,
			);
			runOnlyForDeploymentPostprocessing = 0;
		};
/* End PBXResourcesBuildPhase section */

/* Begin PBXSourcesBuildPhase section */
		ACF7320423883424000B0054 /* Sources */ = {
			isa = PBXSourcesBuildPhase;
			buildActionMask = 2147483647;
			files = (
				ACF7321623883424000B0054 /* SaveUserData.xcdatamodeld in Sources */,
				ACF7320C23883424000B0054 /* AppDelegate.swift in Sources */,
				ACF7322623883589000B0054 /* TasksTableViewController.swift in Sources */,
				ACF7320E23883424000B0054 /* SceneDelegate.swift in Sources */,
			);
			runOnlyForDeploymentPostprocessing = 0;
		};
/* End PBXSourcesBuildPhase section */

/* Begin PBXVariantGroup section */
		ACF7321123883424000B0054 /* Main.storyboard */ = {
			isa = PBXVariantGroup;
			children = (
				ACF7321223883424000B0054 /* Base */,
			);
			name = Main.storyboard;
			sourceTree = "<group>";
		};
		ACF7321923883426000B0054 /* LaunchScreen.storyboard */ = {
			isa = PBXVariantGroup;
			children = (
				ACF7321A23883426000B0054 /* Base */,
			);
			name = LaunchScreen.storyboard;
			sourceTree = "<group>";
		};
/* End PBXVariantGroup section */

/* Begin XCBuildConfiguration section */
		ACF7321D23883426000B0054 /* Debug */ = {
			isa = XCBuildConfiguration;
			buildSettings = {
				ALWAYS_SEARCH_USER_PATHS = NO;
				CLANG_ANALYZER_NONNULL = YES;
				CLANG_ANALYZER_NUMBER_OBJECT_CONVERSION = YES_AGGRESSIVE;
				CLANG_CXX_LANGUAGE_STANDARD = "gnu++14";
				CLANG_CXX_LIBRARY = "libc++";
				CLANG_ENABLE_MODULES = YES;
				CLANG_ENABLE_OBJC_ARC = YES;
				CLANG_ENABLE_OBJC_WEAK = YES;
				CLANG_WARN_BLOCK_CAPTURE_AUTORELEASING = YES;
				CLANG_WARN_BOOL_CONVERSION = YES;
				CLANG_WARN_COMMA = YES;
				CLANG_WARN_CONSTANT_CONVERSION = YES;
				CLANG_WARN_DEPRECATED_OBJC_IMPLEMENTATIONS = YES;
				CLANG_WARN_DIRECT_OBJC_ISA_USAGE = YES_ERROR;
				CLANG_WARN_DOCUMENTATION_COMMENTS = YES;
				CLANG_WARN_EMPTY_BODY = YES;
				CLANG_WARN_ENUM_CONVERSION = YES;
				CLANG_WARN_INFINITE_RECURSION = YES;
				CLANG_WARN_INT_CONVERSION = YES;
				CLANG_WARN_NON_LITERAL_NULL_CONVERSION = YES;
				CLANG_WARN_OBJC_IMPLICIT_RETAIN_SELF = YES;
				CLANG_WARN_OBJC_LITERAL_CONVERSION = YES;
				CLANG_WARN_OBJC_ROOT_CLASS = YES_ERROR;
				CLANG_WARN_RANGE_LOOP_ANALYSIS = YES;
				CLANG_WARN_STRICT_PROTOTYPES = YES;
				CLANG_WARN_SUSPICIOUS_MOVE = YES;
				CLANG_WARN_UNGUARDED_AVAILABILITY = YES_AGGRESSIVE;
				CLANG_WARN_UNREACHABLE_CODE = YES;
				CLANG_WARN__DUPLICATE_METHOD_MATCH = YES;
				COPY_PHASE_STRIP = NO;
				DEBUG_INFORMATION_FORMAT = dwarf;
				ENABLE_STRICT_OBJC_MSGSEND = YES;
				ENABLE_TESTABILITY = YES;
				GCC_C_LANGUAGE_STANDARD = gnu11;
				GCC_DYNAMIC_NO_PIC = NO;
				GCC_NO_COMMON_BLOCKS = YES;
				GCC_OPTIMIZATION_LEVEL = 0;
				GCC_PREPROCESSOR_DEFINITIONS = (
					"DEBUG=1",
					"$(inherited)",
				);
				GCC_WARN_64_TO_32_BIT_CONVERSION = YES;
				GCC_WARN_ABOUT_RETURN_TYPE = YES_ERROR;
				GCC_WARN_UNDECLARED_SELECTOR = YES;
				GCC_WARN_UNINITIALIZED_AUTOS = YES_AGGRESSIVE;
				GCC_WARN_UNUSED_FUNCTION = YES;
				GCC_WARN_UNUSED_VARIABLE = YES;
				IPHONEOS_DEPLOYMENT_TARGET = 13.1;
				MTL_ENABLE_DEBUG_INFO = INCLUDE_SOURCE;
				MTL_FAST_MATH = YES;
				ONLY_ACTIVE_ARCH = YES;
				SDKROOT = iphoneos;
				SWIFT_ACTIVE_COMPILATION_CONDITIONS = DEBUG;
				SWIFT_OPTIMIZATION_LEVEL = "-Onone";
			};
			name = Debug;
		};
		ACF7321E23883426000B0054 /* Release */ = {
			isa = XCBuildConfiguration;
			buildSettings = {
				ALWAYS_SEARCH_USER_PATHS = NO;
				CLANG_ANALYZER_NONNULL = YES;
				CLANG_ANALYZER_NUMBER_OBJECT_CONVERSION = YES_AGGRESSIVE;
				CLANG_CXX_LANGUAGE_STANDARD = "gnu++14";
				CLANG_CXX_LIBRARY = "libc++";
				CLANG_ENABLE_MODULES = YES;
				CLANG_ENABLE_OBJC_ARC = YES;
				CLANG_ENABLE_OBJC_WEAK = YES;
				CLANG_WARN_BLOCK_CAPTURE_AUTORELEASING = YES;
				CLANG_WARN_BOOL_CONVERSION = YES;
				CLANG_WARN_COMMA = YES;
				CLANG_WARN_CONSTANT_CONVERSION = YES;
				CLANG_WARN_DEPRECATED_OBJC_IMPLEMENTATIONS = YES;
				CLANG_WARN_DIRECT_OBJC_ISA_USAGE = YES_ERROR;
				CLANG_WARN_DOCUMENTATION_COMMENTS = YES;
				CLANG_WARN_EMPTY_BODY = YES;
				CLANG_WARN_ENUM_CONVERSION = YES;
				CLANG_WARN_INFINITE_RECURSION = YES;
				CLANG_WARN_INT_CONVERSION = YES;
				CLANG_WARN_NON_LITERAL_NULL_CONVERSION = YES;
				CLANG_WARN_OBJC_IMPLICIT_RETAIN_SELF = YES;
				CLANG_WARN_OBJC_LITERAL_CONVERSION = YES;
				CLANG_WARN_OBJC_ROOT_CLASS = YES_ERROR;
				CLANG_WARN_RANGE_LOOP_ANALYSIS = YES;
				CLANG_WARN_STRICT_PROTOTYPES = YES;
				CLANG_WARN_SUSPICIOUS_MOVE = YES;
				CLANG_WARN_UNGUARDED_AVAILABILITY = YES_AGGRESSIVE;
				CLANG_WARN_UNREACHABLE_CODE = YES;
				CLANG_WARN__DUPLICATE_METHOD_MATCH = YES;
				COPY_PHASE_STRIP = NO;
				DEBUG_INFORMATION_FORMAT = "dwarf-with-dsym";
				ENABLE_NS_ASSERTIONS = NO;
				ENABLE_STRICT_OBJC_MSGSEND = YES;
				GCC_C_LANGUAGE_STANDARD = gnu11;
				GCC_NO_COMMON_BLOCKS = YES;
				GCC_WARN_64_TO_32_BIT_CONVERSION = YES;
				GCC_WARN_ABOUT_RETURN_TYPE = YES_ERROR;
				GCC_WARN_UNDECLARED_SELECTOR = YES;
				GCC_WARN_UNINITIALIZED_AUTOS = YES_AGGRESSIVE;
				GCC_WARN_UNUSED_FUNCTION = YES;
				GCC_WARN_UNUSED_VARIABLE = YES;
				IPHONEOS_DEPLOYMENT_TARGET = 13.1;
				MTL_ENABLE_DEBUG_INFO = NO;
				MTL_FAST_MATH = YES;
				SDKROOT = iphoneos;
				SWIFT_COMPILATION_MODE = wholemodule;
				SWIFT_OPTIMIZATION_LEVEL = "-O";
				VALIDATE_PRODUCT = YES;
			};
			name = Release;
		};
		ACF7322023883426000B0054 /* Debug */ = {
			isa = XCBuildConfiguration;
			buildSettings = {
				ASSETCATALOG_COMPILER_APPICON_NAME = AppIcon;
				CODE_SIGN_STYLE = Automatic;
				DEVELOPMENT_TEAM = T79XLB42B4;
				INFOPLIST_FILE = SaveUserData/Info.plist;
				LD_RUNPATH_SEARCH_PATHS = (
					"$(inherited)",
					"@executable_path/Frameworks",
				);
				PRODUCT_BUNDLE_IDENTIFIER = "-.SaveUserData";
				PRODUCT_NAME = "$(TARGET_NAME)";
				SWIFT_VERSION = 5.0;
				TARGETED_DEVICE_FAMILY = 1;
			};
			name = Debug;
		};
		ACF7322123883426000B0054 /* Release */ = {
			isa = XCBuildConfiguration;
			buildSettings = {
				ASSETCATALOG_COMPILER_APPICON_NAME = AppIcon;
				CODE_SIGN_STYLE = Automatic;
				DEVELOPMENT_TEAM = T79XLB42B4;
				INFOPLIST_FILE = SaveUserData/Info.plist;
				LD_RUNPATH_SEARCH_PATHS = (
					"$(inherited)",
					"@executable_path/Frameworks",
				);
				PRODUCT_BUNDLE_IDENTIFIER = "-.SaveUserData";
				PRODUCT_NAME = "$(TARGET_NAME)";
				SWIFT_VERSION = 5.0;
				TARGETED_DEVICE_FAMILY = 1;
			};
			name = Release;
		};
/* End XCBuildConfiguration section */

/* Begin XCConfigurationList section */
		ACF7320323883424000B0054 /* Build configuration list for PBXProject "SaveUserData" */ = {
			isa = XCConfigurationList;
			buildConfigurations = (
				ACF7321D23883426000B0054 /* Debug */,
				ACF7321E23883426000B0054 /* Release */,
			);
			defaultConfigurationIsVisible = 0;
			defaultConfigurationName = Release;
		};
		ACF7321F23883426000B0054 /* Build configuration list for PBXNativeTarget "SaveUserData" */ = {
			isa = XCConfigurationList;
			buildConfigurations = (
				ACF7322023883426000B0054 /* Debug */,
				ACF7322123883426000B0054 /* Release */,
			);
			defaultConfigurationIsVisible = 0;
			defaultConfigurationName = Release;
		};
/* End XCConfigurationList section */

/* Begin XCVersionGroup section */
		ACF7321423883424000B0054 /* SaveUserData.xcdatamodeld */ = {
			isa = XCVersionGroup;
			children = (
				ACF7321523883424000B0054 /* SaveUserData.xcdatamodel */,
			);
			currentVersion = ACF7321523883424000B0054 /* SaveUserData.xcdatamodel */;
			path = SaveUserData.xcdatamodeld;
			sourceTree = "<group>";
			versionGroupType = wrapper.xcdatamodel;
		};
/* End XCVersionGroup section */
	};
	rootObject = ACF7320023883424000B0054 /* Project object */;
}
